
Microsoft Visual Studio Solution File, Format Version 12.00
# Visual Studio Version 17
VisualStudioVersion = 17.14.36623.8
MinimumVisualStudioVersion = 10.0.40219.1
Project("{FAE04EC0-301F-11D3-BF4B-00C04F79EFBC}") = "Aula1", "Aula1\Aula1.csproj", "{5CF23189-C3A9-4EE0-9F89-75F40570FCE9}"
EndProject
Project("{FAE04EC0-301F-11D3-BF4B-00C04F79EFBC}") = "Aula2", "Aula2\Aula2.csproj", "{B2967387-4BEB-40C6-8178-D0548A6F7B9C}"
EndProject
Project("{FAE04EC0-301F-11D3-BF4B-00C04F79EFBC}") = "Aula3", "Aula3\Aula3.csproj", "{2EF5721E-3B02-491B-97F4-53A0CB4D496F}"
EndProject
Project("{FAE04EC0-301F-11D3-BF4B-00C04F79EFBC}") = "FichaN1", "FichaN1\FichaN1.csproj", "{073ABF03-E654-4E5D-A0B4-815822719092}"
EndProject
Project("{FAE04EC0-301F-11D3-BF4B-00C04F79EFBC}") = "Aula4", "Aula4\Aula4.csproj", "{2CD788F9-DD96-4F21-85BF-12FDAD527477}"
EndProject
Project("{FAE04EC0-301F-11D3-BF4B-00C04F79EFBC}") = "Maior3", "Maior3\Maior3.csproj", "{16FAAD0E-740D-428A-B752-2E76E6E7559E}"
EndProject
Project("{FAE04EC0-301F-11D3-BF4B-00C04F79EFBC}") = "SomaDigitos", "SomaDigitos\SomaDigitos.csproj", "{1B296BD8-0B50-4F09-9B81-0B3519E28E76}"
EndProject
Project("{FAE04EC0-301F-11D3-BF4B-00C04F79EFBC}") = "NotaQualitativa", "NotaQualitativa\NotaQualitativa.csproj", "{D00FC3E5-C75F-4838-AAED-96BD082D8816}"
EndProject
Project("{FAE04EC0-301F-11D3-BF4B-00C04F79EFBC}") = "Operandos", "Operandos\Operandos.csproj", "{7413ACAF-A627-44FB-94A5-6C0CFF6C3728}"
EndProject
Project("{FAE04EC0-301F-11D3-BF4B-00C04F79EFBC}") = "Extenso", "Extenso\Extenso.csproj", "{D3F058D9-F99F-4081-BA93-195AB4984289}"
EndProject
Project("{FAE04EC0-301F-11D3-BF4B-00C04F79EFBC}") = "Aula5", "Aula5\Aula5.csproj", "{8A2582B8-29AD-4870-9543-4664C1E934AE}"
EndProject
Project("{FAE04EC0-301F-11D3-BF4B-00C04F79EFBC}") = "Exerc01_Loops", "Exerc01_Loops\Exerc01_Loops.csproj", "{E0CAFAE1-7A42-43E9-9F5F-32AD8E640469}"
EndProject
Project("{FAE04EC0-301F-11D3-BF4B-00C04F79EFBC}") = "Exerc02_Loops", "Exerc02_Loops\Exerc02_Loops.csproj", "{98B330E0-F64D-48CE-B6E8-613655B12ED5}"
EndProject
Project("{FAE04EC0-301F-11D3-BF4B-00C04F79EFBC}") = "Aula5_Arrays", "Aula5_Arrays\Aula5_Arrays.csproj", "{8D84CED3-F0FA-4AE3-9BE9-C94E32A29FD7}"
EndProject
Project("{FAE04EC0-301F-11D3-BF4B-00C04F79EFBC}") = "Tabuada", "Tabuada\Tabuada.csproj", "{17CDCAD9-7191-4601-8160-F829B1E3D11E}"
EndProject
Project("{FAE04EC0-301F-11D3-BF4B-00C04F79EFBC}") = "Ficha2.1", "Ficha2.1\Ficha2.1.csproj", "{FF354C9F-0661-4DBF-A27A-581D3AA9BA5C}"
EndProject
Project("{FAE04EC0-301F-11D3-BF4B-00C04F79EFBC}") = "ExercAlturas", "ExercAlturas\ExercAlturas.csproj", "{D2B8FD97-8C12-4AA6-B253-B51CF4DBF739}"
EndProject
Project("{FAE04EC0-301F-11D3-BF4B-00C04F79EFBC}") = "Ficha3", "Ficha3\Ficha3.csproj", "{52F28DAA-F7EE-4717-954C-BC42BB62186A}"
EndProject
Project("{FAE04EC0-301F-11D3-BF4B-00C04F79EFBC}") = "Ficha4", "Ficha4\Ficha4.csproj", "{79A0FDA3-3C8D-4A3F-9DCC-25B06E3DA666}"
EndProject
Project("{FAE04EC0-301F-11D3-BF4B-00C04F79EFBC}") = "Aula9", "Aula9\Aula9.csproj", "{23E96305-0215-493F-B896-500AAED1DD3D}"
EndProject
Project("{FAE04EC0-301F-11D3-BF4B-00C04F79EFBC}") = "Exerc01_Matrizes", "Exerc01_Matrizes\Exerc01_Matrizes.csproj", "{C9E3F146-FCB4-4462-B577-9406746FA7C4}"
EndProject
Project("{FAE04EC0-301F-11D3-BF4B-00C04F79EFBC}") = "ListaPresentes", "ListaPresentes\ListaPresentes.csproj", "{A65FD565-27E4-4586-B049-837EE0AC184F}"
EndProject
Project("{FAE04EC0-301F-11D3-BF4B-00C04F79EFBC}") = "Exerc3_Dict", "Exerc3_Dict\Exerc3_Dict.csproj", "{39A5280C-3A9E-4BAD-B32A-BBE0B942371F}"
EndProject
Project("{FAE04EC0-301F-11D3-BF4B-00C04F79EFBC}") = "Ficha5_Arrays", "Ficha5_Arrays\Ficha5_Arrays.csproj", "{DBCFFC9C-1A5F-4B47-AEC8-F940DA567A6B}"
EndProject
Project("{FAE04EC0-301F-11D3-BF4B-00C04F79EFBC}") = "Ficha5_Matrizes", "Ficha5_Matrizes\Ficha5_Matrizes.csproj", "{69AB2FFA-4EDC-45C9-A59D-2D19381E3351}"
EndProject
Global
	GlobalSection(SolutionConfigurationPlatforms) = preSolution
		Debug|Any CPU = Debug|Any CPU
		Release|Any CPU = Release|Any CPU
	EndGlobalSection
	GlobalSection(ProjectConfigurationPlatforms) = postSolution
		{5CF23189-C3A9-4EE0-9F89-75F40570FCE9}.Debug|Any CPU.ActiveCfg = Debug|Any CPU
		{5CF23189-C3A9-4EE0-9F89-75F40570FCE9}.Debug|Any CPU.Build.0 = Debug|Any CPU
		{5CF23189-C3A9-4EE0-9F89-75F40570FCE9}.Release|Any CPU.ActiveCfg = Release|Any CPU
		{5CF23189-C3A9-4EE0-9F89-75F40570FCE9}.Release|Any CPU.Build.0 = Release|Any CPU
		{B2967387-4BEB-40C6-8178-D0548A6F7B9C}.Debug|Any CPU.ActiveCfg = Debug|Any CPU
		{B2967387-4BEB-40C6-8178-D0548A6F7B9C}.Debug|Any CPU.Build.0 = Debug|Any CPU
		{B2967387-4BEB-40C6-8178-D0548A6F7B9C}.Release|Any CPU.ActiveCfg = Release|Any CPU
		{B2967387-4BEB-40C6-8178-D0548A6F7B9C}.Release|Any CPU.Build.0 = Release|Any CPU
		{2EF5721E-3B02-491B-97F4-53A0CB4D496F}.Debug|Any CPU.ActiveCfg = Debug|Any CPU
		{2EF5721E-3B02-491B-97F4-53A0CB4D496F}.Debug|Any CPU.Build.0 = Debug|Any CPU
		{2EF5721E-3B02-491B-97F4-53A0CB4D496F}.Release|Any CPU.ActiveCfg = Release|Any CPU
		{2EF5721E-3B02-491B-97F4-53A0CB4D496F}.Release|Any CPU.Build.0 = Release|Any CPU
		{073ABF03-E654-4E5D-A0B4-815822719092}.Debug|Any CPU.ActiveCfg = Debug|Any CPU
		{073ABF03-E654-4E5D-A0B4-815822719092}.Debug|Any CPU.Build.0 = Debug|Any CPU
		{073ABF03-E654-4E5D-A0B4-815822719092}.Release|Any CPU.ActiveCfg = Release|Any CPU
		{073ABF03-E654-4E5D-A0B4-815822719092}.Release|Any CPU.Build.0 = Release|Any CPU
		{2CD788F9-DD96-4F21-85BF-12FDAD527477}.Debug|Any CPU.ActiveCfg = Debug|Any CPU
		{2CD788F9-DD96-4F21-85BF-12FDAD527477}.Debug|Any CPU.Build.0 = Debug|Any CPU
		{2CD788F9-DD96-4F21-85BF-12FDAD527477}.Release|Any CPU.ActiveCfg = Release|Any CPU
		{2CD788F9-DD96-4F21-85BF-12FDAD527477}.Release|Any CPU.Build.0 = Release|Any CPU
		{16FAAD0E-740D-428A-B752-2E76E6E7559E}.Debug|Any CPU.ActiveCfg = Debug|Any CPU
		{16FAAD0E-740D-428A-B752-2E76E6E7559E}.Debug|Any CPU.Build.0 = Debug|Any CPU
		{16FAAD0E-740D-428A-B752-2E76E6E7559E}.Release|Any CPU.ActiveCfg = Release|Any CPU
		{16FAAD0E-740D-428A-B752-2E76E6E7559E}.Release|Any CPU.Build.0 = Release|Any CPU
		{1B296BD8-0B50-4F09-9B81-0B3519E28E76}.Debug|Any CPU.ActiveCfg = Debug|Any CPU
		{1B296BD8-0B50-4F09-9B81-0B3519E28E76}.Debug|Any CPU.Build.0 = Debug|Any CPU
		{1B296BD8-0B50-4F09-9B81-0B3519E28E76}.Release|Any CPU.ActiveCfg = Release|Any CPU
		{1B296BD8-0B50-4F09-9B81-0B3519E28E76}.Release|Any CPU.Build.0 = Release|Any CPU
		{D00FC3E5-C75F-4838-AAED-96BD082D8816}.Debug|Any CPU.ActiveCfg = Debug|Any CPU
		{D00FC3E5-C75F-4838-AAED-96BD082D8816}.Debug|Any CPU.Build.0 = Debug|Any CPU
		{D00FC3E5-C75F-4838-AAED-96BD082D8816}.Release|Any CPU.ActiveCfg = Release|Any CPU
		{D00FC3E5-C75F-4838-AAED-96BD082D8816}.Release|Any CPU.Build.0 = Release|Any CPU
		{7413ACAF-A627-44FB-94A5-6C0CFF6C3728}.Debug|Any CPU.ActiveCfg = Debug|Any CPU
		{7413ACAF-A627-44FB-94A5-6C0CFF6C3728}.Debug|Any CPU.Build.0 = Debug|Any CPU
		{7413ACAF-A627-44FB-94A5-6C0CFF6C3728}.Release|Any CPU.ActiveCfg = Release|Any CPU
		{7413ACAF-A627-44FB-94A5-6C0CFF6C3728}.Release|Any CPU.Build.0 = Release|Any CPU
		{D3F058D9-F99F-4081-BA93-195AB4984289}.Debug|Any CPU.ActiveCfg = Debug|Any CPU
		{D3F058D9-F99F-4081-BA93-195AB4984289}.Debug|Any CPU.Build.0 = Debug|Any CPU
		{D3F058D9-F99F-4081-BA93-195AB4984289}.Release|Any CPU.ActiveCfg = Release|Any CPU
		{D3F058D9-F99F-4081-BA93-195AB4984289}.Release|Any CPU.Build.0 = Release|Any CPU
		{8A2582B8-29AD-4870-9543-4664C1E934AE}.Debug|Any CPU.ActiveCfg = Debug|Any CPU
		{8A2582B8-29AD-4870-9543-4664C1E934AE}.Debug|Any CPU.Build.0 = Debug|Any CPU
		{8A2582B8-29AD-4870-9543-4664C1E934AE}.Release|Any CPU.ActiveCfg = Release|Any CPU
		{8A2582B8-29AD-4870-9543-4664C1E934AE}.Release|Any CPU.Build.0 = Release|Any CPU
		{E0CAFAE1-7A42-43E9-9F5F-32AD8E640469}.Debug|Any CPU.ActiveCfg = Debug|Any CPU
		{E0CAFAE1-7A42-43E9-9F5F-32AD8E640469}.Debug|Any CPU.Build.0 = Debug|Any CPU
		{E0CAFAE1-7A42-43E9-9F5F-32AD8E640469}.Release|Any CPU.ActiveCfg = Release|Any CPU
		{E0CAFAE1-7A42-43E9-9F5F-32AD8E640469}.Release|Any CPU.Build.0 = Release|Any CPU
		{98B330E0-F64D-48CE-B6E8-613655B12ED5}.Debug|Any CPU.ActiveCfg = Debug|Any CPU
		{98B330E0-F64D-48CE-B6E8-613655B12ED5}.Debug|Any CPU.Build.0 = Debug|Any CPU
		{98B330E0-F64D-48CE-B6E8-613655B12ED5}.Release|Any CPU.ActiveCfg = Release|Any CPU
		{98B330E0-F64D-48CE-B6E8-613655B12ED5}.Release|Any CPU.Build.0 = Release|Any CPU
		{8D84CED3-F0FA-4AE3-9BE9-C94E32A29FD7}.Debug|Any CPU.ActiveCfg = Debug|Any CPU
		{8D84CED3-F0FA-4AE3-9BE9-C94E32A29FD7}.Debug|Any CPU.Build.0 = Debug|Any CPU
		{8D84CED3-F0FA-4AE3-9BE9-C94E32A29FD7}.Release|Any CPU.ActiveCfg = Release|Any CPU
		{8D84CED3-F0FA-4AE3-9BE9-C94E32A29FD7}.Release|Any CPU.Build.0 = Release|Any CPU
		{17CDCAD9-7191-4601-8160-F829B1E3D11E}.Debug|Any CPU.ActiveCfg = Debug|Any CPU
		{17CDCAD9-7191-4601-8160-F829B1E3D11E}.Debug|Any CPU.Build.0 = Debug|Any CPU
		{17CDCAD9-7191-4601-8160-F829B1E3D11E}.Release|Any CPU.ActiveCfg = Release|Any CPU
		{17CDCAD9-7191-4601-8160-F829B1E3D11E}.Release|Any CPU.Build.0 = Release|Any CPU
		{FF354C9F-0661-4DBF-A27A-581D3AA9BA5C}.Debug|Any CPU.ActiveCfg = Debug|Any CPU
		{FF354C9F-0661-4DBF-A27A-581D3AA9BA5C}.Debug|Any CPU.Build.0 = Debug|Any CPU
		{FF354C9F-0661-4DBF-A27A-581D3AA9BA5C}.Release|Any CPU.ActiveCfg = Release|Any CPU
		{FF354C9F-0661-4DBF-A27A-581D3AA9BA5C}.Release|Any CPU.Build.0 = Release|Any CPU
		{D2B8FD97-8C12-4AA6-B253-B51CF4DBF739}.Debug|Any CPU.ActiveCfg = Debug|Any CPU
		{D2B8FD97-8C12-4AA6-B253-B51CF4DBF739}.Debug|Any CPU.Build.0 = Debug|Any CPU
		{D2B8FD97-8C12-4AA6-B253-B51CF4DBF739}.Release|Any CPU.ActiveCfg = Release|Any CPU
		{D2B8FD97-8C12-4AA6-B253-B51CF4DBF739}.Release|Any CPU.Build.0 = Release|Any CPU
		{52F28DAA-F7EE-4717-954C-BC42BB62186A}.Debug|Any CPU.ActiveCfg = Debug|Any CPU
		{52F28DAA-F7EE-4717-954C-BC42BB62186A}.Debug|Any CPU.Build.0 = Debug|Any CPU
		{52F28DAA-F7EE-4717-954C-BC42BB62186A}.Release|Any CPU.ActiveCfg = Release|Any CPU
		{52F28DAA-F7EE-4717-954C-BC42BB62186A}.Release|Any CPU.Build.0 = Release|Any CPU
		{79A0FDA3-3C8D-4A3F-9DCC-25B06E3DA666}.Debug|Any CPU.ActiveCfg = Debug|Any CPU
		{79A0FDA3-3C8D-4A3F-9DCC-25B06E3DA666}.Debug|Any CPU.Build.0 = Debug|Any CPU
		{79A0FDA3-3C8D-4A3F-9DCC-25B06E3DA666}.Release|Any CPU.ActiveCfg = Release|Any CPU
		{79A0FDA3-3C8D-4A3F-9DCC-25B06E3DA666}.Release|Any CPU.Build.0 = Release|Any CPU
		{23E96305-0215-493F-B896-500AAED1DD3D}.Debug|Any CPU.ActiveCfg = Debug|Any CPU
		{23E96305-0215-493F-B896-500AAED1DD3D}.Debug|Any CPU.Build.0 = Debug|Any CPU
		{23E96305-0215-493F-B896-500AAED1DD3D}.Release|Any CPU.ActiveCfg = Release|Any CPU
		{23E96305-0215-493F-B896-500AAED1DD3D}.Release|Any CPU.Build.0 = Release|Any CPU
		{C9E3F146-FCB4-4462-B577-9406746FA7C4}.Debug|Any CPU.ActiveCfg = Debug|Any CPU
		{C9E3F146-FCB4-4462-B577-9406746FA7C4}.Debug|Any CPU.Build.0 = Debug|Any CPU
		{C9E3F146-FCB4-4462-B577-9406746FA7C4}.Release|Any CPU.ActiveCfg = Release|Any CPU
		{C9E3F146-FCB4-4462-B577-9406746FA7C4}.Release|Any CPU.Build.0 = Release|Any CPU
		{A65FD565-27E4-4586-B049-837EE0AC184F}.Debug|Any CPU.ActiveCfg = Debug|Any CPU
		{A65FD565-27E4-4586-B049-837EE0AC184F}.Debug|Any CPU.Build.0 = Debug|Any CPU
		{A65FD565-27E4-4586-B049-837EE0AC184F}.Release|Any CPU.ActiveCfg = Release|Any CPU
		{A65FD565-27E4-4586-B049-837EE0AC184F}.Release|Any CPU.Build.0 = Release|Any CPU
		{39A5280C-3A9E-4BAD-B32A-BBE0B942371F}.Debug|Any CPU.ActiveCfg = Debug|Any CPU
		{39A5280C-3A9E-4BAD-B32A-BBE0B942371F}.Debug|Any CPU.Build.0 = Debug|Any CPU
		{39A5280C-3A9E-4BAD-B32A-BBE0B942371F}.Release|Any CPU.ActiveCfg = Release|Any CPU
		{39A5280C-3A9E-4BAD-B32A-BBE0B942371F}.Release|Any CPU.Build.0 = Release|Any CPU
		{DBCFFC9C-1A5F-4B47-AEC8-F940DA567A6B}.Debug|Any CPU.ActiveCfg = Debug|Any CPU
		{DBCFFC9C-1A5F-4B47-AEC8-F940DA567A6B}.Debug|Any CPU.Build.0 = Debug|Any CPU
		{DBCFFC9C-1A5F-4B47-AEC8-F940DA567A6B}.Release|Any CPU.ActiveCfg = Release|Any CPU
		{DBCFFC9C-1A5F-4B47-AEC8-F940DA567A6B}.Release|Any CPU.Build.0 = Release|Any CPU
		{69AB2FFA-4EDC-45C9-A59D-2D19381E3351}.Debug|Any CPU.ActiveCfg = Debug|Any CPU
		{69AB2FFA-4EDC-45C9-A59D-2D19381E3351}.Debug|Any CPU.Build.0 = Debug|Any CPU
		{69AB2FFA-4EDC-45C9-A59D-2D19381E3351}.Release|Any CPU.ActiveCfg = Release|Any CPU
		{69AB2FFA-4EDC-45C9-A59D-2D19381E3351}.Release|Any CPU.Build.0 = Release|Any CPU
	EndGlobalSection
	GlobalSection(SolutionProperties) = preSolution
		HideSolutionNode = FALSE
	EndGlobalSection
	GlobalSection(ExtensibilityGlobals) = postSolution
		SolutionGuid = {47402EB7-4CFD-4820-A883-BA217D2D6890}
	EndGlobalSection
EndGlobal
